
Microsoft Visual Studio Solution File, Format Version 12.00
# Visual Studio Version 17
VisualStudioVersion = 17.9.34616.47
MinimumVisualStudioVersion = 10.0.40219.1
Project("{FAE04EC0-301F-11D3-BF4B-00C04F79EFBC}") = "Lebiru.Calculator", "Lebiru.Calculator.csproj", "{216D9594-9266-4449-8E68-2D3C3E463AC0}"
EndProject
Project("{FAE04EC0-301F-11D3-BF4B-00C04F79EFBC}") = "Lebiru.Calculator.Tests", "..\Lebiru.Calculator.Tests\Lebiru.Calculator.Tests.csproj", "{C4239012-62BA-4E83-B7B2-1AC7722945DD}"
EndProject
Global
	GlobalSection(SolutionConfigurationPlatforms) = preSolution
		Debug|Any CPU = Debug|Any CPU
		Release|Any CPU = Release|Any CPU
	EndGlobalSection
	GlobalSection(ProjectConfigurationPlatforms) = postSolution
		{216D9594-9266-4449-8E68-2D3C3E463AC0}.Debug|Any CPU.ActiveCfg = Debug|Any CPU
		{216D9594-9266-4449-8E68-2D3C3E463AC0}.Debug|Any CPU.Build.0 = Debug|Any CPU
		{216D9594-9266-4449-8E68-2D3C3E463AC0}.Release|Any CPU.ActiveCfg = Release|Any CPU
		{216D9594-9266-4449-8E68-2D3C3E463AC0}.Release|Any CPU.Build.0 = Release|Any CPU
		{C4239012-62BA-4E83-B7B2-1AC7722945DD}.Debug|Any CPU.ActiveCfg = Debug|Any CPU
		{C4239012-62BA-4E83-B7B2-1AC7722945DD}.Debug|Any CPU.Build.0 = Debug|Any CPU
		{C4239012-62BA-4E83-B7B2-1AC7722945DD}.Release|Any CPU.ActiveCfg = Release|Any CPU
		{C4239012-62BA-4E83-B7B2-1AC7722945DD}.Release|Any CPU.Build.0 = Release|Any CPU
	EndGlobalSection
	GlobalSection(SolutionProperties) = preSolution
		HideSolutionNode = FALSE
	EndGlobalSection
	GlobalSection(ExtensibilityGlobals) = postSolution
		SolutionGuid = {D8157717-686E-46CB-AF84-AFC3B19CFBF0}
	EndGlobalSection
EndGlobal
